
Microsoft Visual Studio Solution File, Format Version 12.00
# Visual Studio Version 16
VisualStudioVersion = 16.0.31313.79
MinimumVisualStudioVersion = 10.0.40219.1
Project("{9A19103F-16F7-4668-BE54-9A1E7A4F7556}") = "NullLib.ConsForms", "NullLib.ConsForms\NullLib.ConsForms.csproj", "{211DDD77-9846-4F1E-BAAE-48FDCF8A421A}"
EndProject
Project("{9A19103F-16F7-4668-BE54-9A1E7A4F7556}") = "TestConsole", "TestConsole\TestConsole.csproj", "{DE0D9954-58CA-4B44-B2CC-B77135B87556}"
EndProject
Global
	GlobalSection(SolutionConfigurationPlatforms) = preSolution
		Debug|Any CPU = Debug|Any CPU
		Release|Any CPU = Release|Any CPU
	EndGlobalSection
	GlobalSection(ProjectConfigurationPlatforms) = postSolution
		{211DDD77-9846-4F1E-BAAE-48FDCF8A421A}.Debug|Any CPU.ActiveCfg = Debug|Any CPU
		{211DDD77-9846-4F1E-BAAE-48FDCF8A421A}.Debug|Any CPU.Build.0 = Debug|Any CPU
		{211DDD77-9846-4F1E-BAAE-48FDCF8A421A}.Release|Any CPU.ActiveCfg = Release|Any CPU
		{211DDD77-9846-4F1E-BAAE-48FDCF8A421A}.Release|Any CPU.Build.0 = Release|Any CPU
		{DE0D9954-58CA-4B44-B2CC-B77135B87556}.Debug|Any CPU.ActiveCfg = Debug|Any CPU
		{DE0D9954-58CA-4B44-B2CC-B77135B87556}.Debug|Any CPU.Build.0 = Debug|Any CPU
		{DE0D9954-58CA-4B44-B2CC-B77135B87556}.Release|Any CPU.ActiveCfg = Release|Any CPU
		{DE0D9954-58CA-4B44-B2CC-B77135B87556}.Release|Any CPU.Build.0 = Release|Any CPU
	EndGlobalSection
	GlobalSection(SolutionProperties) = preSolution
		HideSolutionNode = FALSE
	EndGlobalSection
	GlobalSection(ExtensibilityGlobals) = postSolution
		SolutionGuid = {FBF441CB-53DE-40DF-82BD-D09D46DC72E5}
	EndGlobalSection
EndGlobal
